{
    "_readme": [
        "This file locks the dependencies of your project to a known state",
        "Read more about it at https://getcomposer.org/doc/01-basic-usage.md#installing-dependencies",
        "This file is @generated automatically"
    ],
    "content-hash": "2a57d7ee1a75c4fd9b0f70d4425a2130",
    "packages": [
        {
            "name": "oscarotero/env",
            "version": "v2.1.1",
            "source": {
                "type": "git",
                "url": "https://github.com/oscarotero/env.git",
                "reference": "9f7d85cc6890f06a65bad4fe0077c070d596e4a4"
            },
            "dist": {
                "type": "zip",
                "url": "https://api.github.com/repos/oscarotero/env/zipball/9f7d85cc6890f06a65bad4fe0077c070d596e4a4",
                "reference": "9f7d85cc6890f06a65bad4fe0077c070d596e4a4",
                "shasum": ""
            },
            "require": {
                "ext-ctype": "*",
                "php": ">=7.1"
            },
            "require-dev": {
                "friendsofphp/php-cs-fixer": "^2.16",
                "phpunit/phpunit": ">=7.0"
            },
            "type": "library",
            "autoload": {
                "files": [
                    "src/env_function.php"
                ],
                "psr-4": {
                    "Env\\": "src/"
                }
            },
            "notification-url": "https://packagist.org/downloads/",
            "license": [
                "MIT"
            ],
            "authors": [
                {
                    "name": "Oscar Otero",
                    "email": "oom@oscarotero.com",
                    "homepage": "http://oscarotero.com",
                    "role": "Developer"
                }
            ],
            "description": "Simple library to consume environment variables",
            "homepage": "https://github.com/oscarotero/env",
            "keywords": [
                "env"
            ],
            "support": {
                "email": "oom@oscarotero.com",
                "issues": "https://github.com/oscarotero/env/issues",
                "source": "https://github.com/oscarotero/env/tree/v2.1.1"
            },
            "time": "2024-12-03T01:02:28+00:00"
        }
    ],
    "packages-dev": [],
    "aliases": [],
    "minimum-stability": "stable",
    "stability-flags": [],
    "prefer-stable": false,
    "prefer-lowest": false,
    "platform": [],
    "platform-dev": [],
    "plugin-api-version": "2.2.0"
}
